
Microsoft Visual Studio Solution File, Format Version 12.00
# Visual Studio 14
VisualStudioVersion = 14.0.25123.0
MinimumVisualStudioVersion = 10.0.40219.1
Project("{2150E333-8FDC-42A3-9474-1A3956D46DE8}") = "src", "src", "{02A0C1BF-E1E0-46D5-9F9F-A5FA686A365E}"
EndProject
Project("{FAE04EC0-301F-11D3-BF4B-00C04F79EFBC}") = "Microsoft.Azure.Common", "src\Microsoft.Azure.Common\Microsoft.Azure.Common.csproj", "{6FC1B259-87D1-4BB7-9FFF-6C0625D99E46}"
EndProject
Project("{2150E333-8FDC-42A3-9474-1A3956D46DE8}") = "Solution Items", "Solution Items", "{0F92D177-1B1D-466A-9F23-AB2137DF247E}"
	ProjectSection(SolutionItems) = preProject
		README.md = README.md
	EndProjectSection
EndProject
Project("{FAE04EC0-301F-11D3-BF4B-00C04F79EFBC}") = "Hyak.Common", "src\Hyak.Common\Hyak.Common.csproj", "{74A1219F-A385-45AA-A743-5D064E95112E}"
EndProject
Project("{FAE04EC0-301F-11D3-BF4B-00C04F79EFBC}") = "Microsoft.Azure.KeyVault", "src\Microsoft.Azure.KeyVault\Microsoft.Azure.KeyVault.csproj", "{FF9E9044-F0C1-48AB-9DC7-5DDF9E62D3FD}"
EndProject
Project("{FAE04EC0-301F-11D3-BF4B-00C04F79EFBC}") = "Microsoft.IdentityModel.Clients.ActiveDirectory", "src\Microsoft.IdentityModel.Clients.ActiveDirectory\Microsoft.IdentityModel.Clients.ActiveDirectory.csproj", "{C4E13DA9-A3E1-460B-88A8-F62C8A08B3B0}"
EndProject
Project("{FAE04EC0-301F-11D3-BF4B-00C04F79EFBC}") = "Microsoft.Azure.Management.KeyVault", "src\Microsoft.Azure.Management.KeyVault\Microsoft.Azure.Management.KeyVault.csproj", "{568EA07F-F3DB-4E75-9CD5-E4EF5CB2AA79}"
EndProject
Project("{2150E333-8FDC-42A3-9474-1A3956D46DE8}") = "build", "build", "{36809857-D87B-494D-B4FA-D712BAAA58B9}"
	ProjectSection(SolutionItems) = preProject
		build\pack.ps1 = build\pack.ps1
	EndProjectSection
EndProject
Project("{FAE04EC0-301F-11D3-BF4B-00C04F79EFBC}") = "Microsoft.WindowsAzure.Storage", "src\Microsoft.WindowsAzure.Storage\Microsoft.WindowsAzure.Storage.csproj", "{7525653E-56A9-4092-ACE0-2CF778561793}"
EndProject
Global
	GlobalSection(SolutionConfigurationPlatforms) = preSolution
		Debug|Any CPU = Debug|Any CPU
		Release|Any CPU = Release|Any CPU
	EndGlobalSection
	GlobalSection(ProjectConfigurationPlatforms) = postSolution
		{6FC1B259-87D1-4BB7-9FFF-6C0625D99E46}.Debug|Any CPU.ActiveCfg = Debug|Any CPU
		{6FC1B259-87D1-4BB7-9FFF-6C0625D99E46}.Debug|Any CPU.Build.0 = Debug|Any CPU
		{6FC1B259-87D1-4BB7-9FFF-6C0625D99E46}.Release|Any CPU.ActiveCfg = Release|Any CPU
		{6FC1B259-87D1-4BB7-9FFF-6C0625D99E46}.Release|Any CPU.Build.0 = Release|Any CPU
		{74A1219F-A385-45AA-A743-5D064E95112E}.Debug|Any CPU.ActiveCfg = Debug|Any CPU
		{74A1219F-A385-45AA-A743-5D064E95112E}.Debug|Any CPU.Build.0 = Debug|Any CPU
		{74A1219F-A385-45AA-A743-5D064E95112E}.Release|Any CPU.ActiveCfg = Release|Any CPU
		{74A1219F-A385-45AA-A743-5D064E95112E}.Release|Any CPU.Build.0 = Release|Any CPU
		{FF9E9044-F0C1-48AB-9DC7-5DDF9E62D3FD}.Debug|Any CPU.ActiveCfg = Debug|Any CPU
		{FF9E9044-F0C1-48AB-9DC7-5DDF9E62D3FD}.Debug|Any CPU.Build.0 = Debug|Any CPU
		{FF9E9044-F0C1-48AB-9DC7-5DDF9E62D3FD}.Release|Any CPU.ActiveCfg = Release|Any CPU
		{FF9E9044-F0C1-48AB-9DC7-5DDF9E62D3FD}.Release|Any CPU.Build.0 = Release|Any CPU
		{C4E13DA9-A3E1-460B-88A8-F62C8A08B3B0}.Debug|Any CPU.ActiveCfg = Debug|Any CPU
		{C4E13DA9-A3E1-460B-88A8-F62C8A08B3B0}.Debug|Any CPU.Build.0 = Debug|Any CPU
		{C4E13DA9-A3E1-460B-88A8-F62C8A08B3B0}.Release|Any CPU.ActiveCfg = Release|Any CPU
		{C4E13DA9-A3E1-460B-88A8-F62C8A08B3B0}.Release|Any CPU.Build.0 = Release|Any CPU
		{568EA07F-F3DB-4E75-9CD5-E4EF5CB2AA79}.Debug|Any CPU.ActiveCfg = Debug|Any CPU
		{568EA07F-F3DB-4E75-9CD5-E4EF5CB2AA79}.Debug|Any CPU.Build.0 = Debug|Any CPU
		{568EA07F-F3DB-4E75-9CD5-E4EF5CB2AA79}.Release|Any CPU.ActiveCfg = Release|Any CPU
		{568EA07F-F3DB-4E75-9CD5-E4EF5CB2AA79}.Release|Any CPU.Build.0 = Release|Any CPU
		{7525653E-56A9-4092-ACE0-2CF778561793}.Debug|Any CPU.ActiveCfg = Debug|Any CPU
		{7525653E-56A9-4092-ACE0-2CF778561793}.Debug|Any CPU.Build.0 = Debug|Any CPU
		{7525653E-56A9-4092-ACE0-2CF778561793}.Release|Any CPU.ActiveCfg = Release|Any CPU
		{7525653E-56A9-4092-ACE0-2CF778561793}.Release|Any CPU.Build.0 = Release|Any CPU
	EndGlobalSection
	GlobalSection(SolutionProperties) = preSolution
		HideSolutionNode = FALSE
	EndGlobalSection
	GlobalSection(NestedProjects) = preSolution
		{6FC1B259-87D1-4BB7-9FFF-6C0625D99E46} = {02A0C1BF-E1E0-46D5-9F9F-A5FA686A365E}
		{74A1219F-A385-45AA-A743-5D064E95112E} = {02A0C1BF-E1E0-46D5-9F9F-A5FA686A365E}
		{FF9E9044-F0C1-48AB-9DC7-5DDF9E62D3FD} = {02A0C1BF-E1E0-46D5-9F9F-A5FA686A365E}
		{C4E13DA9-A3E1-460B-88A8-F62C8A08B3B0} = {02A0C1BF-E1E0-46D5-9F9F-A5FA686A365E}
		{568EA07F-F3DB-4E75-9CD5-E4EF5CB2AA79} = {02A0C1BF-E1E0-46D5-9F9F-A5FA686A365E}
		{7525653E-56A9-4092-ACE0-2CF778561793} = {02A0C1BF-E1E0-46D5-9F9F-A5FA686A365E}
	EndGlobalSection
EndGlobal
